
Microsoft Visual Studio Solution File, Format Version 11.00
# Visual Studio 2010
Project("{FAE04EC0-301F-11D3-BF4B-00C04F79EFBC}") = "Sum", "Sum\Sum.csproj", "{B561AD4E-D02D-4D63-8F5F-26CFD1927727}"
EndProject
Global
	GlobalSection(SolutionConfigurationPlatforms) = preSolution
		Debug|x86 = Debug|x86
		Release|x86 = Release|x86
	EndGlobalSection
	GlobalSection(ProjectConfigurationPlatforms) = postSolution
		{B561AD4E-D02D-4D63-8F5F-26CFD1927727}.Debug|x86.ActiveCfg = Debug|x86
		{B561AD4E-D02D-4D63-8F5F-26CFD1927727}.Debug|x86.Build.0 = Debug|x86
		{B561AD4E-D02D-4D63-8F5F-26CFD1927727}.Release|x86.ActiveCfg = Release|x86
		{B561AD4E-D02D-4D63-8F5F-26CFD1927727}.Release|x86.Build.0 = Release|x86
	EndGlobalSection
	GlobalSection(SolutionProperties) = preSolution
		HideSolutionNode = FALSE
	EndGlobalSection
EndGlobal
