
Microsoft Visual Studio Solution File, Format Version 11.00
# Visual Web Developer Express 2010
Project("{FAE04EC0-301F-11D3-BF4B-00C04F79EFBC}") = "Aula17-01", "Aula17-01\Aula17-01.csproj", "{16A4699F-567E-4153-B76A-F85272C343CD}"
EndProject
Global
	GlobalSection(SolutionConfigurationPlatforms) = preSolution
		Debug|Any CPU = Debug|Any CPU
		Release|Any CPU = Release|Any CPU
	EndGlobalSection
	GlobalSection(ProjectConfigurationPlatforms) = postSolution
		{16A4699F-567E-4153-B76A-F85272C343CD}.Debug|Any CPU.ActiveCfg = Debug|Any CPU
		{16A4699F-567E-4153-B76A-F85272C343CD}.Debug|Any CPU.Build.0 = Debug|Any CPU
		{16A4699F-567E-4153-B76A-F85272C343CD}.Release|Any CPU.ActiveCfg = Release|Any CPU
		{16A4699F-567E-4153-B76A-F85272C343CD}.Release|Any CPU.Build.0 = Release|Any CPU
	EndGlobalSection
	GlobalSection(SolutionProperties) = preSolution
		HideSolutionNode = FALSE
	EndGlobalSection
EndGlobal
